
Microsoft Visual Studio Solution File, Format Version 12.00
# Visual Studio Version 17
VisualStudioVersion = 17.11.35327.3
MinimumVisualStudioVersion = 10.0.40219.1
Project("{FAE04EC0-301F-11D3-BF4B-00C04F79EFBC}") = "ChatDemo", "ChatDemo\ChatDemo.csproj", "{DA58A8EA-6B8B-4734-97EA-8F306D1D6217}"
EndProject
Global
	GlobalSection(SolutionConfigurationPlatforms) = preSolution
		Debug|Any CPU = Debug|Any CPU
		Release|Any CPU = Release|Any CPU
	EndGlobalSection
	GlobalSection(ProjectConfigurationPlatforms) = postSolution
		{DA58A8EA-6B8B-4734-97EA-8F306D1D6217}.Debug|Any CPU.ActiveCfg = Debug|Any CPU
		{DA58A8EA-6B8B-4734-97EA-8F306D1D6217}.Debug|Any CPU.Build.0 = Debug|Any CPU
		{DA58A8EA-6B8B-4734-97EA-8F306D1D6217}.Release|Any CPU.ActiveCfg = Release|Any CPU
		{DA58A8EA-6B8B-4734-97EA-8F306D1D6217}.Release|Any CPU.Build.0 = Release|Any CPU
	EndGlobalSection
	GlobalSection(SolutionProperties) = preSolution
		HideSolutionNode = FALSE
	EndGlobalSection
	GlobalSection(ExtensibilityGlobals) = postSolution
		SolutionGuid = {7C99A771-E7D9-4EBD-A552-46A818CE08F2}
	EndGlobalSection
EndGlobal
